
Microsoft Visual Studio Solution File, Format Version 11.00
# Visual Studio 2010
Project("{FAE04EC0-301F-11D3-BF4B-00C04F79EFBC}") = "CasparCGPlayout", "CasparCGPlayout\CasparCGPlayout.csproj", "{DDBA15A7-2C49-41B0-B3F1-502EF07A979A}"
EndProject
Project("{FAE04EC0-301F-11D3-BF4B-00C04F79EFBC}") = "Bespoke.Common.Osc", "Dependencies\OSCFramework\Bespoke.Common.Osc\src\Bespoke.Common.Osc.csproj", "{6BAE6DE3-9432-44AC-8214-1176DA6F2DE8}"
EndProject
Project("{FAE04EC0-301F-11D3-BF4B-00C04F79EFBC}") = "Bespoke.Common", "Dependencies\OSCFramework\Bespoke.Common\src\Bespoke.Common.csproj", "{D7695C90-F793-4E8C-B8BA-B6B5E0815093}"
EndProject
Project("{FAE04EC0-301F-11D3-BF4B-00C04F79EFBC}") = "Svt.Caspar", "Dependencies\framework\Svt.Caspar\Svt.Caspar.csproj", "{9B56A150-ECE3-4099-AEA1-0F8E115DC374}"
EndProject
Project("{FAE04EC0-301F-11D3-BF4B-00C04F79EFBC}") = "Svt.Network", "Dependencies\framework\Svt.Network\Svt.Network.csproj", "{941ED6A5-C8DF-459D-BFCE-5C6ED9AC0492}"
EndProject
Global
	GlobalSection(SolutionConfigurationPlatforms) = preSolution
		Debug|Any CPU = Debug|Any CPU
		Debug|Mixed Platforms = Debug|Mixed Platforms
		Debug|Win32 = Debug|Win32
		Debug|x64 = Debug|x64
		Debug|x86 = Debug|x86
		DebugA|Any CPU = DebugA|Any CPU
		DebugA|Mixed Platforms = DebugA|Mixed Platforms
		DebugA|Win32 = DebugA|Win32
		DebugA|x64 = DebugA|x64
		DebugA|x86 = DebugA|x86
		Develop|Any CPU = Develop|Any CPU
		Develop|Mixed Platforms = Develop|Mixed Platforms
		Develop|Win32 = Develop|Win32
		Develop|x64 = Develop|x64
		Develop|x86 = Develop|x86
		Release|Any CPU = Release|Any CPU
		Release|Mixed Platforms = Release|Mixed Platforms
		Release|Win32 = Release|Win32
		Release|x64 = Release|x64
		Release|x86 = Release|x86
		ReleaseA|Any CPU = ReleaseA|Any CPU
		ReleaseA|Mixed Platforms = ReleaseA|Mixed Platforms
		ReleaseA|Win32 = ReleaseA|Win32
		ReleaseA|x64 = ReleaseA|x64
		ReleaseA|x86 = ReleaseA|x86
	EndGlobalSection
	GlobalSection(ProjectConfigurationPlatforms) = postSolution
		{DDBA15A7-2C49-41B0-B3F1-502EF07A979A}.Debug|Any CPU.ActiveCfg = Debug|x86
		{DDBA15A7-2C49-41B0-B3F1-502EF07A979A}.Debug|Mixed Platforms.ActiveCfg = Debug|x86
		{DDBA15A7-2C49-41B0-B3F1-502EF07A979A}.Debug|Mixed Platforms.Build.0 = Debug|x86
		{DDBA15A7-2C49-41B0-B3F1-502EF07A979A}.Debug|Win32.ActiveCfg = Debug|x86
		{DDBA15A7-2C49-41B0-B3F1-502EF07A979A}.Debug|x64.ActiveCfg = Debug|x86
		{DDBA15A7-2C49-41B0-B3F1-502EF07A979A}.Debug|x86.ActiveCfg = Debug|x86
		{DDBA15A7-2C49-41B0-B3F1-502EF07A979A}.Debug|x86.Build.0 = Debug|x86
		{DDBA15A7-2C49-41B0-B3F1-502EF07A979A}.DebugA|Any CPU.ActiveCfg = Debug|x86
		{DDBA15A7-2C49-41B0-B3F1-502EF07A979A}.DebugA|Mixed Platforms.ActiveCfg = Debug|x86
		{DDBA15A7-2C49-41B0-B3F1-502EF07A979A}.DebugA|Mixed Platforms.Build.0 = Debug|x86
		{DDBA15A7-2C49-41B0-B3F1-502EF07A979A}.DebugA|Win32.ActiveCfg = Debug|x86
		{DDBA15A7-2C49-41B0-B3F1-502EF07A979A}.DebugA|x64.ActiveCfg = Debug|x86
		{DDBA15A7-2C49-41B0-B3F1-502EF07A979A}.DebugA|x86.ActiveCfg = Debug|x86
		{DDBA15A7-2C49-41B0-B3F1-502EF07A979A}.DebugA|x86.Build.0 = Debug|x86
		{DDBA15A7-2C49-41B0-B3F1-502EF07A979A}.Develop|Any CPU.ActiveCfg = Debug|x86
		{DDBA15A7-2C49-41B0-B3F1-502EF07A979A}.Develop|Mixed Platforms.ActiveCfg = Debug|x86
		{DDBA15A7-2C49-41B0-B3F1-502EF07A979A}.Develop|Mixed Platforms.Build.0 = Debug|x86
		{DDBA15A7-2C49-41B0-B3F1-502EF07A979A}.Develop|Win32.ActiveCfg = Debug|x86
		{DDBA15A7-2C49-41B0-B3F1-502EF07A979A}.Develop|x64.ActiveCfg = Debug|x86
		{DDBA15A7-2C49-41B0-B3F1-502EF07A979A}.Develop|x86.ActiveCfg = Debug|x86
		{DDBA15A7-2C49-41B0-B3F1-502EF07A979A}.Develop|x86.Build.0 = Debug|x86
		{DDBA15A7-2C49-41B0-B3F1-502EF07A979A}.Release|Any CPU.ActiveCfg = Release|x86
		{DDBA15A7-2C49-41B0-B3F1-502EF07A979A}.Release|Mixed Platforms.ActiveCfg = Release|x86
		{DDBA15A7-2C49-41B0-B3F1-502EF07A979A}.Release|Mixed Platforms.Build.0 = Release|x86
		{DDBA15A7-2C49-41B0-B3F1-502EF07A979A}.Release|Win32.ActiveCfg = Release|x86
		{DDBA15A7-2C49-41B0-B3F1-502EF07A979A}.Release|x64.ActiveCfg = Release|x64
		{DDBA15A7-2C49-41B0-B3F1-502EF07A979A}.Release|x64.Build.0 = Release|x64
		{DDBA15A7-2C49-41B0-B3F1-502EF07A979A}.Release|x86.ActiveCfg = Release|x64
		{DDBA15A7-2C49-41B0-B3F1-502EF07A979A}.Release|x86.Build.0 = Release|x64
		{DDBA15A7-2C49-41B0-B3F1-502EF07A979A}.ReleaseA|Any CPU.ActiveCfg = Release|x86
		{DDBA15A7-2C49-41B0-B3F1-502EF07A979A}.ReleaseA|Mixed Platforms.ActiveCfg = Release|x86
		{DDBA15A7-2C49-41B0-B3F1-502EF07A979A}.ReleaseA|Mixed Platforms.Build.0 = Release|x86
		{DDBA15A7-2C49-41B0-B3F1-502EF07A979A}.ReleaseA|Win32.ActiveCfg = Release|x86
		{DDBA15A7-2C49-41B0-B3F1-502EF07A979A}.ReleaseA|x64.ActiveCfg = Release|x86
		{DDBA15A7-2C49-41B0-B3F1-502EF07A979A}.ReleaseA|x86.ActiveCfg = Release|x86
		{DDBA15A7-2C49-41B0-B3F1-502EF07A979A}.ReleaseA|x86.Build.0 = Release|x86
		{6BAE6DE3-9432-44AC-8214-1176DA6F2DE8}.Debug|Any CPU.ActiveCfg = Debug|x64
		{6BAE6DE3-9432-44AC-8214-1176DA6F2DE8}.Debug|Mixed Platforms.ActiveCfg = Debug|x86
		{6BAE6DE3-9432-44AC-8214-1176DA6F2DE8}.Debug|Mixed Platforms.Build.0 = Debug|x86
		{6BAE6DE3-9432-44AC-8214-1176DA6F2DE8}.Debug|Win32.ActiveCfg = Debug|x64
		{6BAE6DE3-9432-44AC-8214-1176DA6F2DE8}.Debug|x64.ActiveCfg = Debug|x64
		{6BAE6DE3-9432-44AC-8214-1176DA6F2DE8}.Debug|x64.Build.0 = Debug|x64
		{6BAE6DE3-9432-44AC-8214-1176DA6F2DE8}.Debug|x86.ActiveCfg = Debug|x86
		{6BAE6DE3-9432-44AC-8214-1176DA6F2DE8}.Debug|x86.Build.0 = Debug|x86
		{6BAE6DE3-9432-44AC-8214-1176DA6F2DE8}.DebugA|Any CPU.ActiveCfg = Debug|x64
		{6BAE6DE3-9432-44AC-8214-1176DA6F2DE8}.DebugA|Mixed Platforms.ActiveCfg = Debug|x64
		{6BAE6DE3-9432-44AC-8214-1176DA6F2DE8}.DebugA|Mixed Platforms.Build.0 = Debug|x64
		{6BAE6DE3-9432-44AC-8214-1176DA6F2DE8}.DebugA|Win32.ActiveCfg = Debug|x64
		{6BAE6DE3-9432-44AC-8214-1176DA6F2DE8}.DebugA|x64.ActiveCfg = Debug|x64
		{6BAE6DE3-9432-44AC-8214-1176DA6F2DE8}.DebugA|x64.Build.0 = Debug|x64
		{6BAE6DE3-9432-44AC-8214-1176DA6F2DE8}.DebugA|x86.ActiveCfg = Debug|x64
		{6BAE6DE3-9432-44AC-8214-1176DA6F2DE8}.Develop|Any CPU.ActiveCfg = Debug|x64
		{6BAE6DE3-9432-44AC-8214-1176DA6F2DE8}.Develop|Mixed Platforms.ActiveCfg = Debug|x64
		{6BAE6DE3-9432-44AC-8214-1176DA6F2DE8}.Develop|Mixed Platforms.Build.0 = Debug|x64
		{6BAE6DE3-9432-44AC-8214-1176DA6F2DE8}.Develop|Win32.ActiveCfg = Debug|x64
		{6BAE6DE3-9432-44AC-8214-1176DA6F2DE8}.Develop|x64.ActiveCfg = Debug|x64
		{6BAE6DE3-9432-44AC-8214-1176DA6F2DE8}.Develop|x64.Build.0 = Debug|x64
		{6BAE6DE3-9432-44AC-8214-1176DA6F2DE8}.Develop|x86.ActiveCfg = Debug|x64
		{6BAE6DE3-9432-44AC-8214-1176DA6F2DE8}.Release|Any CPU.ActiveCfg = Release|x64
		{6BAE6DE3-9432-44AC-8214-1176DA6F2DE8}.Release|Mixed Platforms.ActiveCfg = Release|x64
		{6BAE6DE3-9432-44AC-8214-1176DA6F2DE8}.Release|Mixed Platforms.Build.0 = Release|x64
		{6BAE6DE3-9432-44AC-8214-1176DA6F2DE8}.Release|Win32.ActiveCfg = Release|x64
		{6BAE6DE3-9432-44AC-8214-1176DA6F2DE8}.Release|x64.ActiveCfg = Release|x64
		{6BAE6DE3-9432-44AC-8214-1176DA6F2DE8}.Release|x64.Build.0 = Release|x64
		{6BAE6DE3-9432-44AC-8214-1176DA6F2DE8}.Release|x86.ActiveCfg = Release|x64
		{6BAE6DE3-9432-44AC-8214-1176DA6F2DE8}.Release|x86.Build.0 = Release|x64
		{6BAE6DE3-9432-44AC-8214-1176DA6F2DE8}.ReleaseA|Any CPU.ActiveCfg = Release|x64
		{6BAE6DE3-9432-44AC-8214-1176DA6F2DE8}.ReleaseA|Mixed Platforms.ActiveCfg = Release|x64
		{6BAE6DE3-9432-44AC-8214-1176DA6F2DE8}.ReleaseA|Mixed Platforms.Build.0 = Release|x64
		{6BAE6DE3-9432-44AC-8214-1176DA6F2DE8}.ReleaseA|Win32.ActiveCfg = Release|x64
		{6BAE6DE3-9432-44AC-8214-1176DA6F2DE8}.ReleaseA|x64.ActiveCfg = Release|x64
		{6BAE6DE3-9432-44AC-8214-1176DA6F2DE8}.ReleaseA|x64.Build.0 = Release|x64
		{6BAE6DE3-9432-44AC-8214-1176DA6F2DE8}.ReleaseA|x86.ActiveCfg = Release|x64
		{D7695C90-F793-4E8C-B8BA-B6B5E0815093}.Debug|Any CPU.ActiveCfg = Debug|x64
		{D7695C90-F793-4E8C-B8BA-B6B5E0815093}.Debug|Mixed Platforms.ActiveCfg = Debug|x86
		{D7695C90-F793-4E8C-B8BA-B6B5E0815093}.Debug|Mixed Platforms.Build.0 = Debug|x86
		{D7695C90-F793-4E8C-B8BA-B6B5E0815093}.Debug|Win32.ActiveCfg = Debug|x64
		{D7695C90-F793-4E8C-B8BA-B6B5E0815093}.Debug|x64.ActiveCfg = Debug|x64
		{D7695C90-F793-4E8C-B8BA-B6B5E0815093}.Debug|x64.Build.0 = Debug|x64
		{D7695C90-F793-4E8C-B8BA-B6B5E0815093}.Debug|x86.ActiveCfg = Debug|x86
		{D7695C90-F793-4E8C-B8BA-B6B5E0815093}.Debug|x86.Build.0 = Debug|x86
		{D7695C90-F793-4E8C-B8BA-B6B5E0815093}.DebugA|Any CPU.ActiveCfg = Debug|x64
		{D7695C90-F793-4E8C-B8BA-B6B5E0815093}.DebugA|Mixed Platforms.ActiveCfg = Debug|x64
		{D7695C90-F793-4E8C-B8BA-B6B5E0815093}.DebugA|Mixed Platforms.Build.0 = Debug|x64
		{D7695C90-F793-4E8C-B8BA-B6B5E0815093}.DebugA|Win32.ActiveCfg = Debug|x64
		{D7695C90-F793-4E8C-B8BA-B6B5E0815093}.DebugA|x64.ActiveCfg = Debug|x64
		{D7695C90-F793-4E8C-B8BA-B6B5E0815093}.DebugA|x64.Build.0 = Debug|x64
		{D7695C90-F793-4E8C-B8BA-B6B5E0815093}.DebugA|x86.ActiveCfg = Debug|x64
		{D7695C90-F793-4E8C-B8BA-B6B5E0815093}.Develop|Any CPU.ActiveCfg = Debug|x64
		{D7695C90-F793-4E8C-B8BA-B6B5E0815093}.Develop|Mixed Platforms.ActiveCfg = Debug|x64
		{D7695C90-F793-4E8C-B8BA-B6B5E0815093}.Develop|Mixed Platforms.Build.0 = Debug|x64
		{D7695C90-F793-4E8C-B8BA-B6B5E0815093}.Develop|Win32.ActiveCfg = Debug|x64
		{D7695C90-F793-4E8C-B8BA-B6B5E0815093}.Develop|x64.ActiveCfg = Debug|x64
		{D7695C90-F793-4E8C-B8BA-B6B5E0815093}.Develop|x64.Build.0 = Debug|x64
		{D7695C90-F793-4E8C-B8BA-B6B5E0815093}.Develop|x86.ActiveCfg = Debug|x64
		{D7695C90-F793-4E8C-B8BA-B6B5E0815093}.Release|Any CPU.ActiveCfg = Release|x64
		{D7695C90-F793-4E8C-B8BA-B6B5E0815093}.Release|Mixed Platforms.ActiveCfg = Release|x64
		{D7695C90-F793-4E8C-B8BA-B6B5E0815093}.Release|Mixed Platforms.Build.0 = Release|x64
		{D7695C90-F793-4E8C-B8BA-B6B5E0815093}.Release|Win32.ActiveCfg = Release|x64
		{D7695C90-F793-4E8C-B8BA-B6B5E0815093}.Release|x64.ActiveCfg = Release|x64
		{D7695C90-F793-4E8C-B8BA-B6B5E0815093}.Release|x64.Build.0 = Release|x64
		{D7695C90-F793-4E8C-B8BA-B6B5E0815093}.Release|x86.ActiveCfg = Release|x64
		{D7695C90-F793-4E8C-B8BA-B6B5E0815093}.Release|x86.Build.0 = Release|x64
		{D7695C90-F793-4E8C-B8BA-B6B5E0815093}.ReleaseA|Any CPU.ActiveCfg = Release|x64
		{D7695C90-F793-4E8C-B8BA-B6B5E0815093}.ReleaseA|Mixed Platforms.ActiveCfg = Release|x64
		{D7695C90-F793-4E8C-B8BA-B6B5E0815093}.ReleaseA|Mixed Platforms.Build.0 = Release|x64
		{D7695C90-F793-4E8C-B8BA-B6B5E0815093}.ReleaseA|Win32.ActiveCfg = Release|x64
		{D7695C90-F793-4E8C-B8BA-B6B5E0815093}.ReleaseA|x64.ActiveCfg = Release|x64
		{D7695C90-F793-4E8C-B8BA-B6B5E0815093}.ReleaseA|x64.Build.0 = Release|x64
		{D7695C90-F793-4E8C-B8BA-B6B5E0815093}.ReleaseA|x86.ActiveCfg = Release|x64
		{9B56A150-ECE3-4099-AEA1-0F8E115DC374}.Debug|Any CPU.ActiveCfg = Debug|Any CPU
		{9B56A150-ECE3-4099-AEA1-0F8E115DC374}.Debug|Any CPU.Build.0 = Debug|Any CPU
		{9B56A150-ECE3-4099-AEA1-0F8E115DC374}.Debug|Mixed Platforms.ActiveCfg = Debug|x86
		{9B56A150-ECE3-4099-AEA1-0F8E115DC374}.Debug|Mixed Platforms.Build.0 = Debug|x86
		{9B56A150-ECE3-4099-AEA1-0F8E115DC374}.Debug|Win32.ActiveCfg = Debug|x64
		{9B56A150-ECE3-4099-AEA1-0F8E115DC374}.Debug|x64.ActiveCfg = Debug|x64
		{9B56A150-ECE3-4099-AEA1-0F8E115DC374}.Debug|x64.Build.0 = Debug|x64
		{9B56A150-ECE3-4099-AEA1-0F8E115DC374}.Debug|x86.ActiveCfg = Debug|x86
		{9B56A150-ECE3-4099-AEA1-0F8E115DC374}.Debug|x86.Build.0 = Debug|x86
		{9B56A150-ECE3-4099-AEA1-0F8E115DC374}.DebugA|Any CPU.ActiveCfg = Debug|x64
		{9B56A150-ECE3-4099-AEA1-0F8E115DC374}.DebugA|Mixed Platforms.ActiveCfg = Debug|x64
		{9B56A150-ECE3-4099-AEA1-0F8E115DC374}.DebugA|Mixed Platforms.Build.0 = Debug|x64
		{9B56A150-ECE3-4099-AEA1-0F8E115DC374}.DebugA|Win32.ActiveCfg = Debug|x64
		{9B56A150-ECE3-4099-AEA1-0F8E115DC374}.DebugA|x64.ActiveCfg = Debug|x64
		{9B56A150-ECE3-4099-AEA1-0F8E115DC374}.DebugA|x64.Build.0 = Debug|x64
		{9B56A150-ECE3-4099-AEA1-0F8E115DC374}.DebugA|x86.ActiveCfg = Debug|x64
		{9B56A150-ECE3-4099-AEA1-0F8E115DC374}.Develop|Any CPU.ActiveCfg = Develop|Any CPU
		{9B56A150-ECE3-4099-AEA1-0F8E115DC374}.Develop|Any CPU.Build.0 = Develop|Any CPU
		{9B56A150-ECE3-4099-AEA1-0F8E115DC374}.Develop|Mixed Platforms.ActiveCfg = Develop|x64
		{9B56A150-ECE3-4099-AEA1-0F8E115DC374}.Develop|Mixed Platforms.Build.0 = Develop|x64
		{9B56A150-ECE3-4099-AEA1-0F8E115DC374}.Develop|Win32.ActiveCfg = Develop|x64
		{9B56A150-ECE3-4099-AEA1-0F8E115DC374}.Develop|x64.ActiveCfg = Develop|x64
		{9B56A150-ECE3-4099-AEA1-0F8E115DC374}.Develop|x64.Build.0 = Develop|x64
		{9B56A150-ECE3-4099-AEA1-0F8E115DC374}.Develop|x86.ActiveCfg = Develop|x86
		{9B56A150-ECE3-4099-AEA1-0F8E115DC374}.Develop|x86.Build.0 = Develop|x86
		{9B56A150-ECE3-4099-AEA1-0F8E115DC374}.Release|Any CPU.ActiveCfg = Release|Any CPU
		{9B56A150-ECE3-4099-AEA1-0F8E115DC374}.Release|Any CPU.Build.0 = Release|Any CPU
		{9B56A150-ECE3-4099-AEA1-0F8E115DC374}.Release|Mixed Platforms.ActiveCfg = Release|x64
		{9B56A150-ECE3-4099-AEA1-0F8E115DC374}.Release|Mixed Platforms.Build.0 = Release|x64
		{9B56A150-ECE3-4099-AEA1-0F8E115DC374}.Release|Win32.ActiveCfg = Release|x64
		{9B56A150-ECE3-4099-AEA1-0F8E115DC374}.Release|x64.ActiveCfg = Release|x64
		{9B56A150-ECE3-4099-AEA1-0F8E115DC374}.Release|x64.Build.0 = Release|x64
		{9B56A150-ECE3-4099-AEA1-0F8E115DC374}.Release|x86.ActiveCfg = Release|x64
		{9B56A150-ECE3-4099-AEA1-0F8E115DC374}.Release|x86.Build.0 = Release|x64
		{9B56A150-ECE3-4099-AEA1-0F8E115DC374}.ReleaseA|Any CPU.ActiveCfg = Release|x64
		{9B56A150-ECE3-4099-AEA1-0F8E115DC374}.ReleaseA|Mixed Platforms.ActiveCfg = Release|x64
		{9B56A150-ECE3-4099-AEA1-0F8E115DC374}.ReleaseA|Mixed Platforms.Build.0 = Release|x64
		{9B56A150-ECE3-4099-AEA1-0F8E115DC374}.ReleaseA|Win32.ActiveCfg = Release|x64
		{9B56A150-ECE3-4099-AEA1-0F8E115DC374}.ReleaseA|x64.ActiveCfg = Release|x64
		{9B56A150-ECE3-4099-AEA1-0F8E115DC374}.ReleaseA|x64.Build.0 = Release|x64
		{9B56A150-ECE3-4099-AEA1-0F8E115DC374}.ReleaseA|x86.ActiveCfg = Release|x64
		{941ED6A5-C8DF-459D-BFCE-5C6ED9AC0492}.Debug|Any CPU.ActiveCfg = Debug|Any CPU
		{941ED6A5-C8DF-459D-BFCE-5C6ED9AC0492}.Debug|Any CPU.Build.0 = Debug|Any CPU
		{941ED6A5-C8DF-459D-BFCE-5C6ED9AC0492}.Debug|Mixed Platforms.ActiveCfg = Debug|x86
		{941ED6A5-C8DF-459D-BFCE-5C6ED9AC0492}.Debug|Mixed Platforms.Build.0 = Debug|x86
		{941ED6A5-C8DF-459D-BFCE-5C6ED9AC0492}.Debug|Win32.ActiveCfg = Debug|x64
		{941ED6A5-C8DF-459D-BFCE-5C6ED9AC0492}.Debug|x64.ActiveCfg = Debug|x64
		{941ED6A5-C8DF-459D-BFCE-5C6ED9AC0492}.Debug|x64.Build.0 = Debug|x64
		{941ED6A5-C8DF-459D-BFCE-5C6ED9AC0492}.Debug|x86.ActiveCfg = Debug|x86
		{941ED6A5-C8DF-459D-BFCE-5C6ED9AC0492}.Debug|x86.Build.0 = Debug|x86
		{941ED6A5-C8DF-459D-BFCE-5C6ED9AC0492}.DebugA|Any CPU.ActiveCfg = Debug|x64
		{941ED6A5-C8DF-459D-BFCE-5C6ED9AC0492}.DebugA|Mixed Platforms.ActiveCfg = Debug|x64
		{941ED6A5-C8DF-459D-BFCE-5C6ED9AC0492}.DebugA|Mixed Platforms.Build.0 = Debug|x64
		{941ED6A5-C8DF-459D-BFCE-5C6ED9AC0492}.DebugA|Win32.ActiveCfg = Debug|x64
		{941ED6A5-C8DF-459D-BFCE-5C6ED9AC0492}.DebugA|x64.ActiveCfg = Debug|x64
		{941ED6A5-C8DF-459D-BFCE-5C6ED9AC0492}.DebugA|x64.Build.0 = Debug|x64
		{941ED6A5-C8DF-459D-BFCE-5C6ED9AC0492}.DebugA|x86.ActiveCfg = Debug|x64
		{941ED6A5-C8DF-459D-BFCE-5C6ED9AC0492}.Develop|Any CPU.ActiveCfg = Develop|Any CPU
		{941ED6A5-C8DF-459D-BFCE-5C6ED9AC0492}.Develop|Any CPU.Build.0 = Develop|Any CPU
		{941ED6A5-C8DF-459D-BFCE-5C6ED9AC0492}.Develop|Mixed Platforms.ActiveCfg = Develop|x64
		{941ED6A5-C8DF-459D-BFCE-5C6ED9AC0492}.Develop|Mixed Platforms.Build.0 = Develop|x64
		{941ED6A5-C8DF-459D-BFCE-5C6ED9AC0492}.Develop|Win32.ActiveCfg = Develop|x64
		{941ED6A5-C8DF-459D-BFCE-5C6ED9AC0492}.Develop|x64.ActiveCfg = Develop|x64
		{941ED6A5-C8DF-459D-BFCE-5C6ED9AC0492}.Develop|x64.Build.0 = Develop|x64
		{941ED6A5-C8DF-459D-BFCE-5C6ED9AC0492}.Develop|x86.ActiveCfg = Develop|x86
		{941ED6A5-C8DF-459D-BFCE-5C6ED9AC0492}.Develop|x86.Build.0 = Develop|x86
		{941ED6A5-C8DF-459D-BFCE-5C6ED9AC0492}.Release|Any CPU.ActiveCfg = Release|Any CPU
		{941ED6A5-C8DF-459D-BFCE-5C6ED9AC0492}.Release|Any CPU.Build.0 = Release|Any CPU
		{941ED6A5-C8DF-459D-BFCE-5C6ED9AC0492}.Release|Mixed Platforms.ActiveCfg = Release|x64
		{941ED6A5-C8DF-459D-BFCE-5C6ED9AC0492}.Release|Mixed Platforms.Build.0 = Release|x64
		{941ED6A5-C8DF-459D-BFCE-5C6ED9AC0492}.Release|Win32.ActiveCfg = Release|x64
		{941ED6A5-C8DF-459D-BFCE-5C6ED9AC0492}.Release|x64.ActiveCfg = Release|x64
		{941ED6A5-C8DF-459D-BFCE-5C6ED9AC0492}.Release|x64.Build.0 = Release|x64
		{941ED6A5-C8DF-459D-BFCE-5C6ED9AC0492}.Release|x86.ActiveCfg = Release|x64
		{941ED6A5-C8DF-459D-BFCE-5C6ED9AC0492}.Release|x86.Build.0 = Release|x64
		{941ED6A5-C8DF-459D-BFCE-5C6ED9AC0492}.ReleaseA|Any CPU.ActiveCfg = Release|x64
		{941ED6A5-C8DF-459D-BFCE-5C6ED9AC0492}.ReleaseA|Mixed Platforms.ActiveCfg = Release|x64
		{941ED6A5-C8DF-459D-BFCE-5C6ED9AC0492}.ReleaseA|Mixed Platforms.Build.0 = Release|x64
		{941ED6A5-C8DF-459D-BFCE-5C6ED9AC0492}.ReleaseA|Win32.ActiveCfg = Release|x64
		{941ED6A5-C8DF-459D-BFCE-5C6ED9AC0492}.ReleaseA|x64.ActiveCfg = Release|x64
		{941ED6A5-C8DF-459D-BFCE-5C6ED9AC0492}.ReleaseA|x64.Build.0 = Release|x64
		{941ED6A5-C8DF-459D-BFCE-5C6ED9AC0492}.ReleaseA|x86.ActiveCfg = Release|x64
	EndGlobalSection
	GlobalSection(SolutionProperties) = preSolution
		HideSolutionNode = FALSE
	EndGlobalSection
EndGlobal
